{
  "name": "vetor-insere-ordenado",
  "version": "1.0.0",
  "lockfileVersion": 2,
  "requires": true,
  "packages": {
    "": {
      "name": "vetor-insere-ordenado",
      "version": "1.0.0",
      "license": "ISC",
      "dependencies": {
        "complemento": "^1.0.0"
      }
    },
    "node_modules/complemento": {
      "version": "1.0.7",
      "resolved": "https://registry.npmjs.org/complemento/-/complemento-1.0.7.tgz",
      "integrity": "sha512-ZUad4houtZkGtaatZhNx2nPORqL8qTIbyjAvgnDD0Mcs0MNOtIB8DOVQd+JjKkZdqHMzY93OWarDNFI5RWonPQ=="
    }
  },
  "dependencies": {
    "complemento": {
      "version": "1.0.7",
      "resolved": "https://registry.npmjs.org/complemento/-/complemento-1.0.7.tgz",
      "integrity": "sha512-ZUad4houtZkGtaatZhNx2nPORqL8qTIbyjAvgnDD0Mcs0MNOtIB8DOVQd+JjKkZdqHMzY93OWarDNFI5RWonPQ=="
    }
  }
}
